
Microsoft Visual Studio Solution File, Format Version 12.00
# Visual Studio Version 17
VisualStudioVersion = 17.0.31717.71
MinimumVisualStudioVersion = 10.0.40219.1
Project("{9A19103F-16F7-4668-BE54-9A1E7A4F7556}") = "AppBlocks.DataReaders.FileDataReader", "AppBlocks.DataReaders.FileDataReader\AppBlocks.DataReaders.FileDataReader.csproj", "{537EC2ED-D886-47F1-AEC7-9C6CC6D61396}"
EndProject
Project("{2150E333-8FDC-42A3-9474-1A3956D46DE8}") = "Do", "Do", "{7CADFCE8-6BED-446D-BDB1-AA308EE62F54}"
	ProjectSection(SolutionItems) = preProject
		..\..\.github\workflows\main.yml = ..\..\.github\workflows\main.yml
		..\..\README.md = ..\..\README.md
	EndProjectSection
EndProject
Project("{9A19103F-16F7-4668-BE54-9A1E7A4F7556}") = "AppBlocks.DataReaders.FileDataReaderTests", "..\..\tests\AppBlocks.DataReaders.FileDataReaderTests\AppBlocks.DataReaders.FileDataReaderTests.csproj", "{346C8831-2F75-4BC5-9BCB-474602A1B671}"
EndProject
Global
	GlobalSection(SolutionConfigurationPlatforms) = preSolution
		Debug|Any CPU = Debug|Any CPU
		Release|Any CPU = Release|Any CPU
	EndGlobalSection
	GlobalSection(ProjectConfigurationPlatforms) = postSolution
		{537EC2ED-D886-47F1-AEC7-9C6CC6D61396}.Debug|Any CPU.ActiveCfg = Debug|Any CPU
		{537EC2ED-D886-47F1-AEC7-9C6CC6D61396}.Debug|Any CPU.Build.0 = Debug|Any CPU
		{537EC2ED-D886-47F1-AEC7-9C6CC6D61396}.Release|Any CPU.ActiveCfg = Release|Any CPU
		{537EC2ED-D886-47F1-AEC7-9C6CC6D61396}.Release|Any CPU.Build.0 = Release|Any CPU
		{346C8831-2F75-4BC5-9BCB-474602A1B671}.Debug|Any CPU.ActiveCfg = Debug|Any CPU
		{346C8831-2F75-4BC5-9BCB-474602A1B671}.Debug|Any CPU.Build.0 = Debug|Any CPU
		{346C8831-2F75-4BC5-9BCB-474602A1B671}.Release|Any CPU.ActiveCfg = Release|Any CPU
		{346C8831-2F75-4BC5-9BCB-474602A1B671}.Release|Any CPU.Build.0 = Release|Any CPU
	EndGlobalSection
	GlobalSection(SolutionProperties) = preSolution
		HideSolutionNode = FALSE
	EndGlobalSection
	GlobalSection(ExtensibilityGlobals) = postSolution
		SolutionGuid = {22DE6DF8-ED65-4851-9379-607B4D8F771A}
	EndGlobalSection
EndGlobal
